// !$*UTF8*$!
{
	archiveVersion = 1;
	classes = {};
	objectVersion = 56;
	objects = {

/* Begin PBXBuildFile section */
		A1B2C3D4E5F60708A1B2C3D4 /* DTZLiDApp.swift in Sources */ = {isa = PBXBuildFile; fileRef = A1B2C3D4E5F60708A1B2C3D5 /* DTZLiDApp.swift */; };
		A1B2C3D4E5F60708A1B2C3D6 /* RootView.swift in Sources */ = {isa = PBXBuildFile; fileRef = A1B2C3D4E5F60708A1B2C3D7 /* RootView.swift */; };
		A1B2C3D4E5F60708A1B2C3D8 /* APIClient.swift in Sources */ = {isa = PBXBuildFile; fileRef = A1B2C3D4E5F60708A1B2C3D9 /* APIClient.swift */; };
		A1B2C3D4E5F60708A1B2C3DA /* Models.swift in Sources */ = {isa = PBXBuildFile; fileRef = A1B2C3D4E5F60708A1B2C3DB /* Models.swift */; };
		A1B2C3D4E5F60708A1B2C3DC /* Assets.xcassets in Resources */ = {isa = PBXBuildFile; fileRef = A1B2C3D4E5F60708A1B2C3DD /* Assets.xcassets */; };
		A1B2C3D4E5F60708A1B2C3DE /* LaunchScreen.storyboard in Resources */ = {isa = PBXBuildFile; fileRef = A1B2C3D4E5F60708A1B2C3DF /* LaunchScreen.storyboard */; };
/* End PBXBuildFile section */

/* Begin PBXFileReference section */
		A1B2C3D4E5F60708A1B2C3D5 /* DTZLiDApp.swift */ = {isa = PBXFileReference; lastKnownFileType = sourcecode.swift; path = DTZLiDApp.swift; sourceTree = "<group>"; };
		A1B2C3D4E5F60708A1B2C3D7 /* RootView.swift */ = {isa = PBXFileReference; lastKnownFileType = sourcecode.swift; path = RootView.swift; sourceTree = "<group>"; };
		A1B2C3D4E5F60708A1B2C3D9 /* APIClient.swift */ = {isa = PBXFileReference; lastKnownFileType = sourcecode.swift; path = APIClient.swift; sourceTree = "<group>"; };
		A1B2C3D4E5F60708A1B2C3DB /* Models.swift */ = {isa = PBXFileReference; lastKnownFileType = sourcecode.swift; path = Models.swift; sourceTree = "<group>"; };
		A1B2C3D4E5F60708A1B2C3DD /* Assets.xcassets */ = {isa = PBXFileReference; lastKnownFileType = folder.assetcatalog; path = Assets.xcassets; sourceTree = "<group>"; };
		A1B2C3D4E5F60708A1B2C3DF /* LaunchScreen.storyboard */ = {isa = PBXFileReference; lastKnownFileType = file.storyboard; path = LaunchScreen.storyboard; sourceTree = "<group>"; };
		A1B2C3D4E5F60708A1B2C3E0 /* Info.plist */ = {isa = PBXFileReference; lastKnownFileType = text.plist.xml; path = Info.plist; sourceTree = "<group>"; };
/* End PBXFileReference section */

/* Begin PBXGroup section */
		A1B2C3D4E5F60708A1B2C3E1 = {
			isa = PBXGroup;
			children = (
				A1B2C3D4E5F60708A1B2C3E2 /* DTZLiDedu */,
			);
			sourceTree = "<group>";
		};
		A1B2C3D4E5F60708A1B2C3E2 /* DTZLiDedu */ = {
			isa = PBXGroup;
			children = (
				A1B2C3D4E5F60708A1B2C3D5 /* DTZLiDApp.swift */,
				A1B2C3D4E5F60708A1B2C3D7 /* RootView.swift */,
				A1B2C3D4E5F60708A1B2C3D9 /* APIClient.swift */,
				A1B2C3D4E5F60708A1B2C3DB /* Models.swift */,
				A1B2C3D4E5F60708A1B2C3DD /* Assets.xcassets */,
				A1B2C3D4E5F60708A1B2C3DF /* LaunchScreen.storyboard */,
				A1B2C3D4E5F60708A1B2C3E0 /* Info.plist */,
			);
			path = DTZLiDedu;
			sourceTree = "<group>";
		};
/* End PBXGroup section */

/* Begin PBXNativeTarget section */
		A1B2C3D4E5F60708A1B2C3E3 /* DTZLiDedu */ = {
			isa = PBXNativeTarget;
			buildConfigurationList = A1B2C3D4E5F60708A1B2C3E4 /* Build configuration list for PBXNativeTarget "DTZLiDedu" */;
			buildPhases = (
				A1B2C3D4E5F60708A1B2C3E5 /* Sources */,
				A1B2C3D4E5F60708A1B2C3E6 /* Resources */,
			);
			name = DTZLiDedu;
			productName = DTZLiDedu;
			productType = "com.apple.product-type.application";
		};
/* End PBXNativeTarget section */

/* Begin PBXProject section */
		A1B2C3D4E5F60708A1B2C3E7 /* Project object */ = {
			isa = PBXProject;
			buildConfigurationList = A1B2C3D4E5F60708A1B2C3E8 /* Build configuration list for PBXProject "DTZLiDedu" */;
			compatibilityVersion = "Xcode 14.0";
			mainGroup = A1B2C3D4E5F60708A1B2C3E1;
			targets = (
				A1B2C3D4E5F60708A1B2C3E3 /* DTZLiDedu */,
			);
		};
/* End PBXProject section */

/* Begin PBXSourcesBuildPhase section */
		A1B2C3D4E5F60708A1B2C3E5 /* Sources */ = {
			isa = PBXSourcesBuildPhase;
			files = (
				A1B2C3D4E5F60708A1B2C3D4 /* DTZLiDApp.swift in Sources */,
				A1B2C3D4E5F60708A1B2C3D6 /* RootView.swift in Sources */,
				A1B2C3D4E5F60708A1B2C3D8 /* APIClient.swift in Sources */,
				A1B2C3D4E5F60708A1B2C3DA /* Models.swift in Sources */,
			);
		};
/* End PBXSourcesBuildPhase section */

/* Begin PBXResourcesBuildPhase section */
		A1B2C3D4E5F60708A1B2C3E6 /* Resources */ = {
			isa = PBXResourcesBuildPhase;
			files = (
				A1B2C3D4E5F60708A1B2C3DC /* Assets.xcassets in Resources */,
				A1B2C3D4E5F60708A1B2C3DE /* LaunchScreen.storyboard in Resources */,
			);
		};
/* End PBXResourcesBuildPhase section */

/* Begin XCBuildConfiguration section */
		A1B2C3D4E5F60708A1B2C3E9 /* Debug */ = {
			isa = XCBuildConfiguration;
			buildSettings = {
				PRODUCT_BUNDLE_IDENTIFIER = "com.dtzlid.app";
				SWIFT_VERSION = 5.0;
				TARGETED_DEVICE_FAMILY = "1,2";
				INFOPLIST_FILE = DTZLiDedu/Info.plist;
			};
			name = Debug;
		};
		A1B2C3D4E5F60708A1B2C3EA /* Release */ = {
			isa = XCBuildConfiguration;
			buildSettings = {
				PRODUCT_BUNDLE_IDENTIFIER = "com.dtzlid.app";
				SWIFT_VERSION = 5.0;
				TARGETED_DEVICE_FAMILY = "1,2";
				INFOPLIST_FILE = DTZLiDedu/Info.plist;
			};
			name = Release;
		};
/* End XCBuildConfiguration section */

/* Begin XCConfigurationList section */
		A1B2C3D4E5F60708A1B2C3E4 /* Build configuration list for PBXNativeTarget "DTZLiDedu" */ = {
			isa = XCConfigurationList;
			buildConfigurations = (
				A1B2C3D4E5F60708A1B2C3E9 /* Debug */,
				A1B2C3D4E5F60708A1B2C3EA /* Release */,
			);
			defaultConfigurationIsVisible = 0;
			defaultConfigurationName = Release;
		};
		A1B2C3D4E5F60708A1B2C3E8 /* Build configuration list for PBXProject "DTZLiDedu" */ = {
			isa = XCConfigurationList;
			buildConfigurations = (
				A1B2C3D4E5F60708A1B2C3E9 /* Debug */,
				A1B2C3D4E5F60708A1B2C3EA /* Release */,
			);
			defaultConfigurationIsVisible = 0;
			defaultConfigurationName = Release;
		};
/* End XCConfigurationList section */
	};
	rootObject = A1B2C3D4E5F60708A1B2C3E7 /* Project object */;
}
